Microsoft Visual Studio Solution File, Format Version 12.00
# Visual Studio Version 17
VisualStudioVersion = 17.5.2.0
MinimumVisualStudioVersion = 10.0.40219.1
Project("{FAE04EC0-301F-11D3-BF4B-00C04F79EFBC}") = "TranscriberApp", "TranscriberApp\TranscriberApp.csproj", "{3636F34D-05A0-E16F-E695-C4BB1ED22666}"
EndProject
Global
	GlobalSection(SolutionConfigurationPlatforms) = preSolution
		Debug|Any CPU = Debug|Any CPU
		Release|Any CPU = Release|Any CPU
	EndGlobalSection
	GlobalSection(ProjectConfigurationPlatforms) = postSolution
		{3636F34D-05A0-E16F-E695-C4BB1ED22666}.Debug|Any CPU.ActiveCfg = Debug|Any CPU
		{3636F34D-05A0-E16F-E695-C4BB1ED22666}.Debug|Any CPU.Build.0 = Debug|Any CPU
		{3636F34D-05A0-E16F-E695-C4BB1ED22666}.Release|Any CPU.ActiveCfg = Release|Any CPU
		{3636F34D-05A0-E16F-E695-C4BB1ED22666}.Release|Any CPU.Build.0 = Release|Any CPU
	EndGlobalSection
	GlobalSection(SolutionProperties) = preSolution
		HideSolutionNode = FALSE
	EndGlobalSection
	GlobalSection(ExtensibilityGlobals) = postSolution
		SolutionGuid = {1EABB57A-06A7-4EFD-99CC-808028A58904}
	EndGlobalSection
EndGlobal
